{
    "_readme": [
        "This file locks the dependencies of your project to a known state",
        "Read more about it at http://getcomposer.org/doc/01-basic-usage.md#composer-lock-the-lock-file"
    ],
    "hash": "4eb7ffe44e9c7d276e0e10734334f037",
    "packages": [
        {
            "name": "constantcontact/constantcontact",
            "version": "1.1.0",
            "source": {
                "type": "git",
                "url": "https://github.com/constantcontact/php-sdk.git",
                "reference": "32b9c199c9f522bf930ebdf9ccd46627d84f3079"
            },
            "dist": {
                "type": "zip",
                "url": "https://api.github.com/repos/constantcontact/php-sdk/zipball/32b9c199c9f522bf930ebdf9ccd46627d84f3079",
                "reference": "32b9c199c9f522bf930ebdf9ccd46627d84f3079",
                "shasum": ""
            },
            "require": {
                "ext-curl": "*",
                "php": ">=5.3.0"
            },
            "type": "library",
            "autoload": {
                "psr-0": {
                    "Ctct": "src"
                }
            },
            "notification-url": "https://packagist.org/downloads/",
            "license": [
                "MIT"
            ],
            "authors": [
                {
                    "name": "Constant Contact Web Services",
                    "email": "webservices@constantcontact.com",
                    "homepage": "http://developer.constantcontact.com"
                }
            ],
            "description": "Constant Contact PHP SDK for v2",
            "homepage": "http://developer.constantcontact.com",
            "keywords": [
                "constant contact",
                "constantcontact",
                "ctct",
                "email marketing"
            ],
            "time": "2013-05-06 12:36:18"
        },
        {
            "name": "zendframework/zend-config",
            "version": "2.2.5",
            "target-dir": "Zend/Config",
            "source": {
                "type": "git",
                "url": "https://github.com/zendframework/Component_ZendConfig.git",
                "reference": "e3457e088f641bfd5b02d9985c1ef504a571bc62"
            },
            "dist": {
                "type": "zip",
                "url": "https://packages.zendframework.com/composer/zendframework-zend-config-e3457e088f641bfd5b02d9985c1ef504a571bc62-zip-c3ee37.zip",
                "reference": "2.2.5",
                "shasum": "2def210214198426c82281d53939edd5f5f311b2"
            },
            "require": {
                "php": ">=5.3.3",
                "zendframework/zend-stdlib": "self.version"
            },
            "suggest": {
                "zendframework/zend-json": "Zend\\Json to use the Json reader or writer classes",
                "zendframework/zend-servicemanager": "Zend\\ServiceManager for use with the Config Factory to retrieve reader and writer instances"
            },
            "type": "library",
            "extra": {
                "branch-alias": {
                    "dev-master": "2.2-dev",
                    "dev-develop": "2.3-dev"
                }
            },
            "autoload": {
                "psr-0": {
                    "Zend\\Config\\": ""
                }
            },
            "license": [
                "BSD-3-Clause"
            ],
            "description": "provides a nested object property based user interface for accessing this configuration data within application code",
            "keywords": [
                "config",
                "zf2"
            ],
            "support": {
                "source": "https://github.com/zendframework/Component_ZendConfig/tree/release-2.2.5"
            },
            "time": "2013-10-02 08:00:13"
        },
        {
            "name": "zendframework/zend-escaper",
            "version": "2.2.5",
            "target-dir": "Zend/Escaper",
            "source": {
                "type": "git",
                "url": "https://github.com/zendframework/Component_ZendEscaper.git",
                "reference": "5db67b32359d86326077209f1fefbbf1183911e8"
            },
            "dist": {
                "type": "zip",
                "url": "https://packages.zendframework.com/composer/zendframework-zend-escaper-5db67b32359d86326077209f1fefbbf1183911e8-zip-2c10f9.zip",
                "reference": "2.2.5",
                "shasum": "84dc4cd44c6329f2ad5ad6edd7ebc80a81818de6"
            },
            "require": {
                "php": ">=5.3.3"
            },
            "type": "library",
            "extra": {
                "branch-alias": {
                    "dev-master": "2.2-dev",
                    "dev-develop": "2.3-dev"
                }
            },
            "autoload": {
                "psr-0": {
                    "Zend\\Escaper\\": ""
                }
            },
            "license": [
                "BSD-3-Clause"
            ],
            "description": " ",
            "keywords": [
                "escaper",
                "zf2"
            ],
            "support": {
                "source": "https://github.com/zendframework/Component_ZendEscaper/tree/release-2.2.5"
            },
            "time": "2013-05-01 21:53:03"
        },
        {
            "name": "zendframework/zend-http",
            "version": "2.2.5",
            "target-dir": "Zend/Http",
            "source": {
                "type": "git",
                "url": "https://github.com/zendframework/Component_ZendHttp.git",
                "reference": "5b8745a7f857fbf3bd989b2ccaebd6778de7c25a"
            },
            "dist": {
                "type": "zip",
                "url": "https://packages.zendframework.com/composer/zendframework-zend-http-5b8745a7f857fbf3bd989b2ccaebd6778de7c25a-zip-8c4ea4.zip",
                "reference": "2.2.5",
                "shasum": "0416ff7c87730986ae914d7bf70e394f6c79f330"
            },
            "require": {
                "php": ">=5.3.3",
                "zendframework/zend-loader": "self.version",
                "zendframework/zend-stdlib": "self.version",
                "zendframework/zend-uri": "self.version",
                "zendframework/zend-validator": "self.version"
            },
            "type": "library",
            "extra": {
                "branch-alias": {
                    "dev-master": "2.2-dev",
                    "dev-develop": "2.3-dev"
                }
            },
            "autoload": {
                "psr-0": {
                    "Zend\\Http\\": ""
                }
            },
            "license": [
                "BSD-3-Clause"
            ],
            "description": "provides an easy interface for performing Hyper-Text Transfer Protocol (HTTP) requests",
            "keywords": [
                "http",
                "zf2"
            ],
            "support": {
                "source": "https://github.com/zendframework/Component_ZendHttp/tree/release-2.2.5"
            },
            "time": "2013-10-23 15:00:05"
        },
        {
            "name": "zendframework/zend-loader",
            "version": "2.2.5",
            "target-dir": "Zend/Loader",
            "source": {
                "type": "git",
                "url": "https://github.com/zendframework/Component_ZendLoader.git",
                "reference": "9e3537a6012dc0b184f66f8668e6c33fd805f0eb"
            },
            "dist": {
                "type": "zip",
                "url": "https://packages.zendframework.com/composer/zendframework-zend-loader-9e3537a6012dc0b184f66f8668e6c33fd805f0eb-zip-03d150.zip",
                "reference": "2.2.5",
                "shasum": "f885211223bd5c53d794758670d37ddaf60420bf"
            },
            "require": {
                "php": ">=5.3.3"
            },
            "type": "library",
            "extra": {
                "branch-alias": {
                    "dev-master": "2.2-dev",
                    "dev-develop": "2.3-dev"
                }
            },
            "autoload": {
                "psr-0": {
                    "Zend\\Loader\\": ""
                }
            },
            "license": [
                "BSD-3-Clause"
            ],
            "description": " ",
            "keywords": [
                "loader",
                "zf2"
            ],
            "support": {
                "source": "https://github.com/zendframework/Component_ZendLoader/tree/release-2.2.5"
            },
            "time": "2013-10-20 06:00:17"
        },
        {
            "name": "zendframework/zend-stdlib",
            "version": "2.2.5",
            "target-dir": "Zend/Stdlib",
            "source": {
                "type": "git",
                "url": "https://github.com/zendframework/Component_ZendStdlib.git",
                "reference": "f440ecfc828d61d620662a03987c8287e1e4801e"
            },
            "dist": {
                "type": "zip",
                "url": "https://packages.zendframework.com/composer/zendframework-zend-stdlib-f440ecfc828d61d620662a03987c8287e1e4801e-zip-7e3c9b.zip",
                "reference": "2.2.5",
                "shasum": "d142b30e831141bcf5ed77e0d3ebd9356afcf9ce"
            },
            "require": {
                "php": ">=5.3.3"
            },
            "suggest": {
                "zendframework/zend-eventmanager": "To support aggregate hydrator usage",
                "zendframework/zend-servicemanager": "To support hydrator plugin manager usage"
            },
            "type": "library",
            "extra": {
                "branch-alias": {
                    "dev-master": "2.2-dev",
                    "dev-develop": "2.3-dev"
                }
            },
            "autoload": {
                "psr-0": {
                    "Zend\\Stdlib\\": ""
                }
            },
            "license": [
                "BSD-3-Clause"
            ],
            "description": " ",
            "keywords": [
                "stdlib",
                "zf2"
            ],
            "support": {
                "source": "https://github.com/zendframework/Component_ZendStdlib/tree/release-2.2.5"
            },
            "time": "2013-10-20 06:00:20"
        },
        {
            "name": "zendframework/zend-uri",
            "version": "2.2.5",
            "target-dir": "Zend/Uri",
            "source": {
                "type": "git",
                "url": "https://github.com/zendframework/Component_ZendUri.git",
                "reference": "e2a4b038a0939d46e53bfa40cfc9f1791533ae84"
            },
            "dist": {
                "type": "zip",
                "url": "https://packages.zendframework.com/composer/zendframework-zend-uri-e2a4b038a0939d46e53bfa40cfc9f1791533ae84-zip-a2ec45.zip",
                "reference": "2.2.5",
                "shasum": "7cd59f27590f69d4e13aee52634a2f3329504675"
            },
            "require": {
                "php": ">=5.3.3",
                "zendframework/zend-escaper": "self.version",
                "zendframework/zend-validator": "self.version"
            },
            "type": "library",
            "extra": {
                "branch-alias": {
                    "dev-master": "2.2-dev",
                    "dev-develop": "2.3-dev"
                }
            },
            "autoload": {
                "psr-0": {
                    "Zend\\Uri\\": ""
                }
            },
            "license": [
                "BSD-3-Clause"
            ],
            "description": "a component that aids in manipulating and validating » Uniform Resource Identifiers (URIs)",
            "keywords": [
                "uri",
                "zf2"
            ],
            "support": {
                "source": "https://github.com/zendframework/Component_ZendUri/tree/release-2.2.5"
            },
            "time": "2013-06-12 19:46:02"
        },
        {
            "name": "zendframework/zend-validator",
            "version": "2.2.5",
            "target-dir": "Zend/Validator",
            "source": {
                "type": "git",
                "url": "https://github.com/zendframework/Component_ZendValidator.git",
                "reference": "8c23193a617a03dd7ee6c25049132c942f31ec28"
            },
            "dist": {
                "type": "zip",
                "url": "https://packages.zendframework.com/composer/zendframework-zend-validator-8c23193a617a03dd7ee6c25049132c942f31ec28-zip-134f25.zip",
                "reference": "2.2.5",
                "shasum": "055073c2ae695cc892e7e61e024868eac71a9e14"
            },
            "require": {
                "php": ">=5.3.3",
                "zendframework/zend-stdlib": "self.version"
            },
            "require-dev": {
                "zendframework/zend-filter": "self.version",
                "zendframework/zend-i18n": "self.version",
                "zendframework/zend-math": "self.version",
                "zendframework/zend-servicemanager": "self.version"
            },
            "suggest": {
                "zendframework/zend-db": "Zend\\Db component",
                "zendframework/zend-filter": "Zend\\Filter component, required by the Digits validator",
                "zendframework/zend-i18n": "Zend\\I18n component to allow translation of validation error messages as well as to use the various Date validators",
                "zendframework/zend-math": "Zend\\Math component",
                "zendframework/zend-resources": "Translations of validator messages",
                "zendframework/zend-servicemanager": "Zend\\ServiceManager component to allow using the ValidatorPluginManager and validator chains",
                "zendframework/zend-uri": "Zend\\Uri component, required by the Uri and Sitemap\\Loc validators"
            },
            "type": "library",
            "extra": {
                "branch-alias": {
                    "dev-master": "2.2-dev",
                    "dev-develop": "2.3-dev"
                }
            },
            "autoload": {
                "psr-0": {
                    "Zend\\Validator\\": ""
                }
            },
            "license": [
                "BSD-3-Clause"
            ],
            "description": "provides a set of commonly needed validators",
            "keywords": [
                "validator",
                "zf2"
            ],
            "support": {
                "source": "https://github.com/zendframework/Component_ZendValidator/tree/release-2.2.5"
            },
            "time": "2013-10-20 06:00:22"
        }
    ],
    "packages-dev": [

    ],
    "aliases": [

    ],
    "minimum-stability": "stable",
    "stability-flags": [

    ],
    "platform": {
        "php": ">=5.4.0",
        "ext-curl": "*"
    },
    "platform-dev": [

    ]
}
