{
    "_readme": [
        "This file locks the dependencies of your project to a known state",
        "Read more about it at http://getcomposer.org/doc/01-basic-usage.md#composer-lock-the-lock-file"
    ],
    "hash": "acde7f84b22be96b4895f615ded0b18a",
    "packages": [
        {
            "name": "constantcontact/constantcontact",
            "version": "1.1.0",
            "source": {
                "type": "git",
                "url": "https://github.com/constantcontact/php-sdk.git",
                "reference": "32b9c199c9f522bf930ebdf9ccd46627d84f3079"
            },
            "dist": {
                "type": "zip",
                "url": "https://api.github.com/repos/constantcontact/php-sdk/zipball/32b9c199c9f522bf930ebdf9ccd46627d84f3079",
                "reference": "32b9c199c9f522bf930ebdf9ccd46627d84f3079",
                "shasum": ""
            },
            "require": {
                "ext-curl": "*",
                "php": ">=5.3.0"
            },
            "type": "library",
            "autoload": {
                "psr-0": {
                    "Ctct": "src"
                }
            },
            "notification-url": "https://packagist.org/downloads/",
            "license": [
                "MIT"
            ],
            "authors": [
                {
                    "name": "Constant Contact Web Services",
                    "email": "webservices@constantcontact.com",
                    "homepage": "http://developer.constantcontact.com"
                }
            ],
            "description": "Constant Contact PHP SDK for v2",
            "homepage": "http://developer.constantcontact.com",
            "keywords": [
                "constant contact",
                "constantcontact",
                "ctct",
                "email marketing"
            ],
            "time": "2013-05-06 12:36:18"
        }
    ],
    "packages-dev": [

    ],
    "aliases": [

    ],
    "minimum-stability": "stable",
    "stability-flags": [

    ],
    "platform": {
        "php": ">=5.4.0",
        "ext-curl": "*"
    },
    "platform-dev": [

    ]
}
